lockfileVersion: '9.0'

settings:
  autoInstallPeers: true
  excludeLinksFromLockfile: false

importers:

  .:
    devDependencies:
      '@dinz41/utils':
        specifier: 1.1.3-beta
        version: 1.1.3-beta
      '@types/node':
        specifier: ^24.0.3
        version: 24.0.3
      chokidar:
        specifier: ^4.0.3
        version: 4.0.3

packages:

  '@dinz41/utils@1.1.3-beta':
    resolution: {integrity: sha512-Aiw/t7B48IitipwHQyVFDH4fuwudieAKlYmYgW02HH9wSG4G/oTq9wMXfXVCaVqrUeAa1wztbuI9Ww/dverCEA==}
    peerDependencies:
      md5: ^2.3.0
      md5-file: ^5.0.0
    peerDependenciesMeta:
      md5:
        optional: true
      md5-file:
        optional: true

  '@types/node@24.0.3':
    resolution: {integrity: sha512-R4I/kzCYAdRLzfiCabn9hxWfbuHS573x+r0dJMkkzThEa7pbrcDWK+9zu3e7aBOouf+rQAciqPFMnxwr0aWgKg==}

  chokidar@4.0.3:
    resolution: {integrity: sha512-Qgzu8kfBvo+cA4962jnP1KkS6Dop5NS6g7R5LFYJr4b8Ub94PPQXUksCw9PvXoeXPRRddRNC5C1JQUR2SMGtnA==}
    engines: {node: '>= 14.16.0'}

  readdirp@4.1.2:
    resolution: {integrity: sha512-GDhwkLfywWL2s6vEjyhri+eXmfH6j1L7JE27WhqLeYzoh/A3DBaYGEj2H/HFZCn/kMfim73FXxEJTw06WtxQwg==}
    engines: {node: '>= 14.18.0'}

  undici-types@7.8.0:
    resolution: {integrity: sha512-9UJ2xGDvQ43tYyVMpuHlsgApydB8ZKfVYTsLDhXkFL/6gfkp+U8xTGdh8pMJv1SpZna0zxG1DwsKZsreLbXBxw==}

snapshots:

  '@dinz41/utils@1.1.3-beta': {}

  '@types/node@24.0.3':
    dependencies:
      undici-types: 7.8.0

  chokidar@4.0.3:
    dependencies:
      readdirp: 4.1.2

  readdirp@4.1.2: {}

  undici-types@7.8.0: {}
